
Microsoft Visual Studio Solution File, Format Version 12.00
# Visual Studio Version 16
VisualStudioVersion = 16.0.30621.155
MinimumVisualStudioVersion = 10.0.40219.1
Project("{FAE04EC0-301F-11D3-BF4B-00C04F79EFBC}") = "RepositoryPattern_Console", "RepositoryPattern_Console\RepositoryPattern_Console.csproj", "{51DC3850-0E7B-47BD-B35A-830458DC5A6F}"
EndProject
Project("{FAE04EC0-301F-11D3-BF4B-00C04F79EFBC}") = "RepositoryPattern_Repository", "RepositoryPattern_Repository\RepositoryPattern_Repository.csproj", "{B3F13DBA-AAAD-45DC-B89A-A2C224F3BEDB}"
EndProject
Project("{FAE04EC0-301F-11D3-BF4B-00C04F79EFBC}") = "RepositoryPattern_Tests", "RepositoryPattern_Tests\RepositoryPattern_Tests.csproj", "{7722FCA3-8BC6-4AC8-8A14-44113942A2B1}"
EndProject
Global
	GlobalSection(SolutionConfigurationPlatforms) = preSolution
		Debug|Any CPU = Debug|Any CPU
		Release|Any CPU = Release|Any CPU
	EndGlobalSection
	GlobalSection(ProjectConfigurationPlatforms) = postSolution
		{51DC3850-0E7B-47BD-B35A-830458DC5A6F}.Debug|Any CPU.ActiveCfg = Debug|Any CPU
		{51DC3850-0E7B-47BD-B35A-830458DC5A6F}.Debug|Any CPU.Build.0 = Debug|Any CPU
		{51DC3850-0E7B-47BD-B35A-830458DC5A6F}.Release|Any CPU.ActiveCfg = Release|Any CPU
		{51DC3850-0E7B-47BD-B35A-830458DC5A6F}.Release|Any CPU.Build.0 = Release|Any CPU
		{B3F13DBA-AAAD-45DC-B89A-A2C224F3BEDB}.Debug|Any CPU.ActiveCfg = Debug|Any CPU
		{B3F13DBA-AAAD-45DC-B89A-A2C224F3BEDB}.Debug|Any CPU.Build.0 = Debug|Any CPU
		{B3F13DBA-AAAD-45DC-B89A-A2C224F3BEDB}.Release|Any CPU.ActiveCfg = Release|Any CPU
		{B3F13DBA-AAAD-45DC-B89A-A2C224F3BEDB}.Release|Any CPU.Build.0 = Release|Any CPU
		{7722FCA3-8BC6-4AC8-8A14-44113942A2B1}.Debug|Any CPU.ActiveCfg = Debug|Any CPU
		{7722FCA3-8BC6-4AC8-8A14-44113942A2B1}.Debug|Any CPU.Build.0 = Debug|Any CPU
		{7722FCA3-8BC6-4AC8-8A14-44113942A2B1}.Release|Any CPU.ActiveCfg = Release|Any CPU
		{7722FCA3-8BC6-4AC8-8A14-44113942A2B1}.Release|Any CPU.Build.0 = Release|Any CPU
	EndGlobalSection
	GlobalSection(SolutionProperties) = preSolution
		HideSolutionNode = FALSE
	EndGlobalSection
	GlobalSection(ExtensibilityGlobals) = postSolution
		SolutionGuid = {624B2108-7FDA-4A11-BEEC-FF571AD63097}
	EndGlobalSection
EndGlobal
